
Microsoft Visual Studio Solution File, Format Version 12.00
# Visual Studio Version 17
VisualStudioVersion = 17.8.34330.188
MinimumVisualStudioVersion = 10.0.40219.1
Project("{FAE04EC0-301F-11D3-BF4B-00C04F79EFBC}") = "Unit Tests", "Unit Tests\Unit Tests.csproj", "{4FCBCEE7-9D51-4FEE-B436-48FA898544AB}"
EndProject
Global
	GlobalSection(SolutionConfigurationPlatforms) = preSolution
		Debug|Any CPU = Debug|Any CPU
		Release|Any CPU = Release|Any CPU
	EndGlobalSection
	GlobalSection(ProjectConfigurationPlatforms) = postSolution
		{4FCBCEE7-9D51-4FEE-B436-48FA898544AB}.Debug|Any CPU.ActiveCfg = Debug|Any CPU
		{4FCBCEE7-9D51-4FEE-B436-48FA898544AB}.Debug|Any CPU.Build.0 = Debug|Any CPU
		{4FCBCEE7-9D51-4FEE-B436-48FA898544AB}.Release|Any CPU.ActiveCfg = Release|Any CPU
		{4FCBCEE7-9D51-4FEE-B436-48FA898544AB}.Release|Any CPU.Build.0 = Release|Any CPU
	EndGlobalSection
	GlobalSection(SolutionProperties) = preSolution
		HideSolutionNode = FALSE
	EndGlobalSection
	GlobalSection(ExtensibilityGlobals) = postSolution
		SolutionGuid = {FD924459-2475-45CC-A9EE-F0FA663A5188}
	EndGlobalSection
EndGlobal
