
Microsoft Visual Studio Solution File, Format Version 12.00
# Visual Studio Version 17
VisualStudioVersion = 17.8.34330.188
MinimumVisualStudioVersion = 10.0.40219.1
Project("{FAE04EC0-301F-11D3-BF4B-00C04F79EFBC}") = "NetworkUtility", "NetworkUtility\NetworkUtility.csproj", "{AEA388A0-6676-49BA-9AD4-727DE5E719EC}"
EndProject
Project("{FAE04EC0-301F-11D3-BF4B-00C04F79EFBC}") = "NetworkUtility.Tests", "NetworkUtility.Tests\NetworkUtility.Tests.csproj", "{DA5B58E3-45F3-4535-B4FF-56F942B06AC1}"
EndProject
Global
	GlobalSection(SolutionConfigurationPlatforms) = preSolution
		Debug|Any CPU = Debug|Any CPU
		Release|Any CPU = Release|Any CPU
	EndGlobalSection
	GlobalSection(ProjectConfigurationPlatforms) = postSolution
		{AEA388A0-6676-49BA-9AD4-727DE5E719EC}.Debug|Any CPU.ActiveCfg = Debug|Any CPU
		{AEA388A0-6676-49BA-9AD4-727DE5E719EC}.Debug|Any CPU.Build.0 = Debug|Any CPU
		{AEA388A0-6676-49BA-9AD4-727DE5E719EC}.Release|Any CPU.ActiveCfg = Release|Any CPU
		{AEA388A0-6676-49BA-9AD4-727DE5E719EC}.Release|Any CPU.Build.0 = Release|Any CPU
		{DA5B58E3-45F3-4535-B4FF-56F942B06AC1}.Debug|Any CPU.ActiveCfg = Debug|Any CPU
		{DA5B58E3-45F3-4535-B4FF-56F942B06AC1}.Debug|Any CPU.Build.0 = Debug|Any CPU
		{DA5B58E3-45F3-4535-B4FF-56F942B06AC1}.Release|Any CPU.ActiveCfg = Release|Any CPU
		{DA5B58E3-45F3-4535-B4FF-56F942B06AC1}.Release|Any CPU.Build.0 = Release|Any CPU
	EndGlobalSection
	GlobalSection(SolutionProperties) = preSolution
		HideSolutionNode = FALSE
	EndGlobalSection
	GlobalSection(ExtensibilityGlobals) = postSolution
		SolutionGuid = {FD924459-2475-45CC-A9EE-F0FA663A5188}
	EndGlobalSection
EndGlobal
